// !$*UTF8*$!
{
	archiveVersion = 1;
	classes = {
	};
	objectVersion = 46;
	objects = {

/* Begin PBXBuildFile section */
		03084B7D1410325D0018592F /* QuartzCore.framework in Frameworks */ = {isa = PBXBuildFile; fileRef = 03084B7C1410325D0018592F /* QuartzCore.framework */; };
		1D3623260D0F684500981E51 /* maherAppDelegate.m in Sources */ = {isa = PBXBuildFile; fileRef = 1D3623250D0F684500981E51 /* maherAppDelegate.m */; };
		1D60589B0D05DD56006BFB54 /* main.m in Sources */ = {isa = PBXBuildFile; fileRef = 29B97316FDCFA39411CA2CEA /* main.m */; };
		1D60589F0D05DD5A006BFB54 /* Foundation.framework in Frameworks */ = {isa = PBXBuildFile; fileRef = 1D30AB110D05D00D00671497 /* Foundation.framework */; };
		1DF5F4E00D08C38300B7A737 /* UIKit.framework in Frameworks */ = {isa = PBXBuildFile; fileRef = 1DF5F4DF0D08C38300B7A737 /* UIKit.framework */; };
		288765A50DF7441C002DB57D /* CoreGraphics.framework in Frameworks */ = {isa = PBXBuildFile; fileRef = 288765A40DF7441C002DB57D /* CoreGraphics.framework */; };
		B431425611E5FD3600297CEA /* BG.png in Resources */ = {isa = PBXBuildFile; fileRef = B431425511E5FD3600297CEA /* BG.png */; };
		B43143E911E638FE00297CEA /* t.png in Resources */ = {isa = PBXBuildFile; fileRef = B43143E811E638FE00297CEA /* t.png */; };
		B4398A2311D909840091240C /* VC.m in Sources */ = {isa = PBXBuildFile; fileRef = B4398A2211D909840091240C /* VC.m */; };
		B4398A4C11D90D5D0091240C /* b2.png in Resources */ = {isa = PBXBuildFile; fileRef = B4398A4B11D90D5D0091240C /* b2.png */; };
		B4398A4E11D90D6C0091240C /* b1.png in Resources */ = {isa = PBXBuildFile; fileRef = B4398A4D11D90D6C0091240C /* b1.png */; };
		B4398A5811D90D890091240C /* minu.png in Resources */ = {isa = PBXBuildFile; fileRef = B4398A5211D90D880091240C /* minu.png */; };
		B4398A5911D90D890091240C /* Shadooo.png in Resources */ = {isa = PBXBuildFile; fileRef = B4398A5311D90D880091240C /* Shadooo.png */; };
		B4398A5A11D90D890091240C /* test.png in Resources */ = {isa = PBXBuildFile; fileRef = B4398A5411D90D890091240C /* test.png */; };
		B4398A5D11D90E9D0091240C /* AE.png in Resources */ = {isa = PBXBuildFile; fileRef = B4398A5C11D90E9D0091240C /* AE.png */; };
		B4398A7711D930220091240C /* MinuAR.png in Resources */ = {isa = PBXBuildFile; fileRef = B4398A7511D930220091240C /* MinuAR.png */; };
		B4398A7811D930220091240C /* MinuEN.png in Resources */ = {isa = PBXBuildFile; fileRef = B4398A7611D930220091240C /* MinuEN.png */; };
		B4398A7A11D930350091240C /* cup.png in Resources */ = {isa = PBXBuildFile; fileRef = B4398A7911D930350091240C /* cup.png */; };
		B4398C3D11D97B000091240C /* optonAR.png in Resources */ = {isa = PBXBuildFile; fileRef = B4398C3C11D97B000091240C /* optonAR.png */; };
		B43C039311F239EA003E82A6 /* Entitlements.plist in Resources */ = {isa = PBXBuildFile; fileRef = B43C039211F239EA003E82A6 /* Entitlements.plist */; };
		B47D40A011FE790500E4AF7D /* Untitd-2.png in Resources */ = {isa = PBXBuildFile; fileRef = B47D409F11FE790500E4AF7D /* Untitd-2.png */; };
		B48DEB6B11D9F20E003D7213 /* OptionEN.png in Resources */ = {isa = PBXBuildFile; fileRef = B48DEB6A11D9F20E003D7213 /* OptionEN.png */; };
		B48DECBB11DA8CED003D7213 /* forUpChos.png in Resources */ = {isa = PBXBuildFile; fileRef = B48DECBA11DA8CED003D7213 /* forUpChos.png */; };
		B48DECDB11DABFAF003D7213 /* ImagePlascsForUp.png in Resources */ = {isa = PBXBuildFile; fileRef = B48DECDA11DABFAF003D7213 /* ImagePlascsForUp.png */; };
		B48DED1111DAD8BF003D7213 /* BtnToUpluod.png in Resources */ = {isa = PBXBuildFile; fileRef = B48DED0E11DAD8BF003D7213 /* BtnToUpluod.png */; };
		B48DED1211DAD8BF003D7213 /* BtnUpAdd.png in Resources */ = {isa = PBXBuildFile; fileRef = B48DED0F11DAD8BF003D7213 /* BtnUpAdd.png */; };
		B48DED1311DAD8BF003D7213 /* BtnUPluodNaw.png in Resources */ = {isa = PBXBuildFile; fileRef = B48DED1011DAD8BF003D7213 /* BtnUPluodNaw.png */; };
		B48DED5211DADF7C003D7213 /* MobileCoreServices.framework in Frameworks */ = {isa = PBXBuildFile; fileRef = B48DED5111DADF7C003D7213 /* MobileCoreServices.framework */; };
		B48DED5E11DAE023003D7213 /* CFNetwork.framework in Frameworks */ = {isa = PBXBuildFile; fileRef = B48DED5D11DAE023003D7213 /* CFNetwork.framework */; };
		B48DED6211DAE03E003D7213 /* MessageUI.framework in Frameworks */ = {isa = PBXBuildFile; fileRef = B48DED6111DAE03E003D7213 /* MessageUI.framework */; };
		B48DED7911DAE140003D7213 /* Connection.m in Sources */ = {isa = PBXBuildFile; fileRef = B48DED7811DAE140003D7213 /* Connection.m */; };
		B48DEE7411DAE423003D7213 /* SystemConfiguration.framework in Frameworks */ = {isa = PBXBuildFile; fileRef = B48DEE7311DAE423003D7213 /* SystemConfiguration.framework */; };
		B48DF40B11E12D8B003D7213 /* b3.png in Resources */ = {isa = PBXBuildFile; fileRef = B48DF40A11E12D8B003D7213 /* b3.png */; };
		B48DF46E11E13965003D7213 /* floour.png in Resources */ = {isa = PBXBuildFile; fileRef = B48DF46D11E13965003D7213 /* floour.png */; };
		B48DF47211E13AF5003D7213 /* floour2.png in Resources */ = {isa = PBXBuildFile; fileRef = B48DF47111E13AF5003D7213 /* floour2.png */; };
		B48DF47611E13D0E003D7213 /* floour3.png in Resources */ = {isa = PBXBuildFile; fileRef = B48DF47511E13D0E003D7213 /* floour3.png */; };
		B48DF48211E140D2003D7213 /* floour1.png in Resources */ = {isa = PBXBuildFile; fileRef = B48DF48111E140D2003D7213 /* floour1.png */; };
		B48DF49011E14422003D7213 /* floour4.png in Resources */ = {isa = PBXBuildFile; fileRef = B48DF48F11E14422003D7213 /* floour4.png */; };
		B48DF49611E144AA003D7213 /* floour5.png in Resources */ = {isa = PBXBuildFile; fileRef = B48DF49511E144AA003D7213 /* floour5.png */; };
		B4D8829811EE15C90055EACF /* home.png in Resources */ = {isa = PBXBuildFile; fileRef = B4D8829711EE15C90055EACF /* home.png */; };
		B4D8829C11EE16980055EACF /* HomeEN.png in Resources */ = {isa = PBXBuildFile; fileRef = B4D8829B11EE16980055EACF /* HomeEN.png */; };
		B4DB2BEA11EBBCFD000839D0 /* InfoPlist.strings in Resources */ = {isa = PBXBuildFile; fileRef = B4DB2BE811EBBCFD000839D0 /* InfoPlist.strings */; };
		B4DB2BF611EC4B76000839D0 /* maherViewController.m in Sources */ = {isa = PBXBuildFile; fileRef = 28D7ACF70DDB3853001CB0EB /* maherViewController.m */; };
		B4DB2CB011ED0055000839D0 /* MainWindow.xib in Resources */ = {isa = PBXBuildFile; fileRef = 28AD733E0D9D9553002E5188 /* MainWindow.xib */; };
		B4E699D411EDC14700954D7C /* maher.png in Resources */ = {isa = PBXBuildFile; fileRef = B4E699D311EDC14700954D7C /* maher.png */; };
		B4E69A1E11EDD27600954D7C /* abute.png in Resources */ = {isa = PBXBuildFile; fileRef = B4E69A1D11EDD27600954D7C /* abute.png */; };
		B4E69A6C11EDE22D00954D7C /* abut.png in Resources */ = {isa = PBXBuildFile; fileRef = B4E69A6B11EDE22D00954D7C /* abut.png */; };
/* End PBXBuildFile section */

/* Begin PBXFileReference section */
		03084B7C1410325D0018592F /* QuartzCore.framework */ = {isa = PBXFileReference; lastKnownFileType = wrapper.framework; name = QuartzCore.framework; path = System/Library/Frameworks/QuartzCore.framework; sourceTree = SDKROOT; };
		1D30AB110D05D00D00671497 /* Foundation.framework */ = {isa = PBXFileReference; lastKnownFileType = wrapper.framework; name = Foundation.framework; path = System/Library/Frameworks/Foundation.framework; sourceTree = SDKROOT; };
		1D3623240D0F684500981E51 /* maherAppDelegate.h */ = {isa = PBXFileReference; fileEncoding = 4; lastKnownFileType = sourcecode.c.h; path = maherAppDelegate.h; sourceTree = "<group>"; };
		1D3623250D0F684500981E51 /* maherAppDelegate.m */ = {isa = PBXFileReference; fileEncoding = 4; lastKnownFileType = sourcecode.c.objc; path = maherAppDelegate.m; sourceTree = "<group>"; };
		1D6058910D05DD3D006BFB54 /* maher.app */ = {isa = PBXFileReference; explicitFileType = wrapper.application; includeInIndex = 0; path = maher.app; sourceTree = BUILT_PRODUCTS_DIR; };
		1DF5F4DF0D08C38300B7A737 /* UIKit.framework */ = {isa = PBXFileReference; lastKnownFileType = wrapper.framework; name = UIKit.framework; path = System/Library/Frameworks/UIKit.framework; sourceTree = SDKROOT; };
		288765A40DF7441C002DB57D /* CoreGraphics.framework */ = {isa = PBXFileReference; lastKnownFileType = wrapper.framework; name = CoreGraphics.framework; path = System/Library/Frameworks/CoreGraphics.framework; sourceTree = SDKROOT; };
		28AD733E0D9D9553002E5188 /* MainWindow.xib */ = {isa = PBXFileReference; lastKnownFileType = file.xib; path = MainWindow.xib; sourceTree = "<group>"; };
		28D7ACF60DDB3853001CB0EB /* maherViewController.h */ = {isa = PBXFileReference; fileEncoding = 4; lastKnownFileType = sourcecode.c.h; path = maherViewController.h; sourceTree = "<group>"; };
		28D7ACF70DDB3853001CB0EB /* maherViewController.m */ = {isa = PBXFileReference; fileEncoding = 4; lastKnownFileType = sourcecode.c.objc; path = maherViewController.m; sourceTree = "<group>"; };
		29B97316FDCFA39411CA2CEA /* main.m */ = {isa = PBXFileReference; fileEncoding = 4; lastKnownFileType = sourcecode.c.objc; path = main.m; sourceTree = "<group>"; };
		32CA4F630368D1EE00C91783 /* maher_Prefix.pch */ = {isa = PBXFileReference; fileEncoding = 4; lastKnownFileType = sourcecode.c.h; path = maher_Prefix.pch; sourceTree = "<group>"; };
		8D1107310486CEB800E47090 /* maher-Info.plist */ = {isa = PBXFileReference; fileEncoding = 4; lastKnownFileType = text.plist.xml; path = "maher-Info.plist"; plistStructureDefinitionIdentifier = "com.apple.xcode.plist.structure-definition.iphone.info-plist"; sourceTree = "<group>"; };
		B431425511E5FD3600297CEA /* BG.png */ = {isa = PBXFileReference; lastKnownFileType = image.png; path = BG.png; sourceTree = "<group>"; };
		B43143E811E638FE00297CEA /* t.png */ = {isa = PBXFileReference; lastKnownFileType = image.png; path = t.png; sourceTree = "<group>"; };
		B4398A2111D909840091240C /* VC.h */ = {isa = PBXFileReference; fileEncoding = 4; lastKnownFileType = sourcecode.c.h; path = VC.h; sourceTree = "<group>"; };
		B4398A2211D909840091240C /* VC.m */ = {isa = PBXFileReference; fileEncoding = 4; lastKnownFileType = sourcecode.c.objc; path = VC.m; sourceTree = "<group>"; };
		B4398A4B11D90D5D0091240C /* b2.png */ = {isa = PBXFileReference; lastKnownFileType = image.png; path = b2.png; sourceTree = "<group>"; };
		B4398A4D11D90D6C0091240C /* b1.png */ = {isa = PBXFileReference; lastKnownFileType = image.png; path = b1.png; sourceTree = "<group>"; };
		B4398A5211D90D880091240C /* minu.png */ = {isa = PBXFileReference; lastKnownFileType = image.png; path = minu.png; sourceTree = "<group>"; };
		B4398A5311D90D880091240C /* Shadooo.png */ = {isa = PBXFileReference; lastKnownFileType = image.png; path = Shadooo.png; sourceTree = "<group>"; };
		B4398A5411D90D890091240C /* test.png */ = {isa = PBXFileReference; lastKnownFileType = image.png; path = test.png; sourceTree = "<group>"; };
		B4398A5C11D90E9D0091240C /* AE.png */ = {isa = PBXFileReference; lastKnownFileType = image.png; path = AE.png; sourceTree = "<group>"; };
		B4398A7511D930220091240C /* MinuAR.png */ = {isa = PBXFileReference; lastKnownFileType = image.png; path = MinuAR.png; sourceTree = "<group>"; };
		B4398A7611D930220091240C /* MinuEN.png */ = {isa = PBXFileReference; lastKnownFileType = image.png; path = MinuEN.png; sourceTree = "<group>"; };
		B4398A7911D930350091240C /* cup.png */ = {isa = PBXFileReference; lastKnownFileType = image.png; path = cup.png; sourceTree = "<group>"; };
		B4398C3C11D97B000091240C /* optonAR.png */ = {isa = PBXFileReference; lastKnownFileType = image.png; path = optonAR.png; sourceTree = "<group>"; };
		B43C039211F239EA003E82A6 /* Entitlements.plist */ = {isa = PBXFileReference; fileEncoding = 4; lastKnownFileType = text.plist.xml; path = Entitlements.plist; sourceTree = "<group>"; };
		B47D409F11FE790500E4AF7D /* Untitd-2.png */ = {isa = PBXFileReference; lastKnownFileType = image.png; path = "Untitd-2.png"; sourceTree = "<group>"; };
		B48DEB6A11D9F20E003D7213 /* OptionEN.png */ = {isa = PBXFileReference; lastKnownFileType = image.png; path = OptionEN.png; sourceTree = "<group>"; };
		B48DECBA11DA8CED003D7213 /* forUpChos.png */ = {isa = PBXFileReference; lastKnownFileType = image.png; path = forUpChos.png; sourceTree = "<group>"; };
		B48DECDA11DABFAF003D7213 /* ImagePlascsForUp.png */ = {isa = PBXFileReference; lastKnownFileType = image.png; path = ImagePlascsForUp.png; sourceTree = "<group>"; };
		B48DED0E11DAD8BF003D7213 /* BtnToUpluod.png */ = {isa = PBXFileReference; lastKnownFileType = image.png; path = BtnToUpluod.png; sourceTree = "<group>"; };
		B48DED0F11DAD8BF003D7213 /* BtnUpAdd.png */ = {isa = PBXFileReference; lastKnownFileType = image.png; path = BtnUpAdd.png; sourceTree = "<group>"; };
		B48DED1011DAD8BF003D7213 /* BtnUPluodNaw.png */ = {isa = PBXFileReference; lastKnownFileType = image.png; path = BtnUPluodNaw.png; sourceTree = "<group>"; };
		B48DED5111DADF7C003D7213 /* MobileCoreServices.framework */ = {isa = PBXFileReference; lastKnownFileType = wrapper.framework; name = MobileCoreServices.framework; path = System/Library/Frameworks/MobileCoreServices.framework; sourceTree = SDKROOT; };
		B48DED5D11DAE023003D7213 /* CFNetwork.framework */ = {isa = PBXFileReference; lastKnownFileType = wrapper.framework; name = CFNetwork.framework; path = System/Library/Frameworks/CFNetwork.framework; sourceTree = SDKROOT; };
		B48DED6111DAE03E003D7213 /* MessageUI.framework */ = {isa = PBXFileReference; lastKnownFileType = wrapper.framework; name = MessageUI.framework; path = System/Library/Frameworks/MessageUI.framework; sourceTree = SDKROOT; };
		B48DED7711DAE140003D7213 /* Connection.h */ = {isa = PBXFileReference; fileEncoding = 4; lastKnownFileType = sourcecode.c.h; path = Connection.h; sourceTree = "<group>"; };
		B48DED7811DAE140003D7213 /* Connection.m */ = {isa = PBXFileReference; fileEncoding = 4; lastKnownFileType = sourcecode.c.objc; path = Connection.m; sourceTree = "<group>"; };
		B48DEE7311DAE423003D7213 /* SystemConfiguration.framework */ = {isa = PBXFileReference; lastKnownFileType = wrapper.framework; name = SystemConfiguration.framework; path = System/Library/Frameworks/SystemConfiguration.framework; sourceTree = SDKROOT; };
		B48DF40A11E12D8B003D7213 /* b3.png */ = {isa = PBXFileReference; lastKnownFileType = image.png; path = b3.png; sourceTree = "<group>"; };
		B48DF46D11E13965003D7213 /* floour.png */ = {isa = PBXFileReference; lastKnownFileType = image.png; path = floour.png; sourceTree = "<group>"; };
		B48DF47111E13AF5003D7213 /* floour2.png */ = {isa = PBXFileReference; lastKnownFileType = image.png; path = floour2.png; sourceTree = "<group>"; };
		B48DF47511E13D0E003D7213 /* floour3.png */ = {isa = PBXFileReference; lastKnownFileType = image.png; path = floour3.png; sourceTree = "<group>"; };
		B48DF48111E140D2003D7213 /* floour1.png */ = {isa = PBXFileReference; lastKnownFileType = image.png; path = floour1.png; sourceTree = "<group>"; };
		B48DF48F11E14422003D7213 /* floour4.png */ = {isa = PBXFileReference; lastKnownFileType = image.png; path = floour4.png; sourceTree = "<group>"; };
		B48DF49511E144AA003D7213 /* floour5.png */ = {isa = PBXFileReference; lastKnownFileType = image.png; path = floour5.png; sourceTree = "<group>"; };
		B4D8829711EE15C90055EACF /* home.png */ = {isa = PBXFileReference; lastKnownFileType = image.png; path = home.png; sourceTree = "<group>"; };
		B4D8829B11EE16980055EACF /* HomeEN.png */ = {isa = PBXFileReference; lastKnownFileType = image.png; path = HomeEN.png; sourceTree = "<group>"; };
		B4DB2BE911EBBCFD000839D0 /* ar */ = {isa = PBXFileReference; fileEncoding = 4; lastKnownFileType = text.plist.strings; name = ar; path = ar.lproj/InfoPlist.strings; sourceTree = "<group>"; };
		B4E699D311EDC14700954D7C /* maher.png */ = {isa = PBXFileReference; lastKnownFileType = image.png; path = maher.png; sourceTree = "<group>"; };
		B4E69A1D11EDD27600954D7C /* abute.png */ = {isa = PBXFileReference; lastKnownFileType = image.png; path = abute.png; sourceTree = "<group>"; };
		B4E69A6B11EDE22D00954D7C /* abut.png */ = {isa = PBXFileReference; lastKnownFileType = image.png; path = abut.png; sourceTree = "<group>"; };
/* End PBXFileReference section */

/* Begin PBXFrameworksBuildPhase section */
		1D60588F0D05DD3D006BFB54 /* Frameworks */ = {
			isa = PBXFrameworksBuildPhase;
			buildActionMask = 2147483647;
			files = (
				1D60589F0D05DD5A006BFB54 /* Foundation.framework in Frameworks */,
				1DF5F4E00D08C38300B7A737 /* UIKit.framework in Frameworks */,
				288765A50DF7441C002DB57D /* CoreGraphics.framework in Frameworks */,
				B48DED5211DADF7C003D7213 /* MobileCoreServices.framework in Frameworks */,
				B48DED5E11DAE023003D7213 /* CFNetwork.framework in Frameworks */,
				B48DED6211DAE03E003D7213 /* MessageUI.framework in Frameworks */,
				B48DEE7411DAE423003D7213 /* SystemConfiguration.framework in Frameworks */,
				03084B7D1410325D0018592F /* QuartzCore.framework in Frameworks */,
			);
			runOnlyForDeploymentPostprocessing = 0;
		};
/* End PBXFrameworksBuildPhase section */

/* Begin PBXGroup section */
		080E96DDFE201D6D7F000001 /* Classes */ = {
			isa = PBXGroup;
			children = (
				1D3623240D0F684500981E51 /* maherAppDelegate.h */,
				1D3623250D0F684500981E51 /* maherAppDelegate.m */,
				28D7ACF60DDB3853001CB0EB /* maherViewController.h */,
				28D7ACF70DDB3853001CB0EB /* maherViewController.m */,
				B4398A2111D909840091240C /* VC.h */,
				B4398A2211D909840091240C /* VC.m */,
				B48DED7711DAE140003D7213 /* Connection.h */,
				B48DED7811DAE140003D7213 /* Connection.m */,
			);
			path = Classes;
			sourceTree = "<group>";
		};
		19C28FACFE9D520D11CA2CBB /* Products */ = {
			isa = PBXGroup;
			children = (
				1D6058910D05DD3D006BFB54 /* maher.app */,
			);
			name = Products;
			sourceTree = "<group>";
		};
		29B97314FDCFA39411CA2CEA /* CustomTemplate */ = {
			isa = PBXGroup;
			children = (
				080E96DDFE201D6D7F000001 /* Classes */,
				29B97315FDCFA39411CA2CEA /* Other Sources */,
				29B97317FDCFA39411CA2CEA /* Resources */,
				29B97323FDCFA39411CA2CEA /* Frameworks */,
				19C28FACFE9D520D11CA2CBB /* Products */,
			);
			name = CustomTemplate;
			sourceTree = "<group>";
		};
		29B97315FDCFA39411CA2CEA /* Other Sources */ = {
			isa = PBXGroup;
			children = (
				32CA4F630368D1EE00C91783 /* maher_Prefix.pch */,
				29B97316FDCFA39411CA2CEA /* main.m */,
			);
			name = "Other Sources";
			sourceTree = "<group>";
		};
		29B97317FDCFA39411CA2CEA /* Resources */ = {
			isa = PBXGroup;
			children = (
				B4398A2911D90AFA0091240C /* img */,
				B4398A2A11D90B050091240C /* XIB */,
				B4398A2B11D90B0C0091240C /* plist */,
			);
			name = Resources;
			sourceTree = "<group>";
		};
		29B97323FDCFA39411CA2CEA /* Frameworks */ = {
			isa = PBXGroup;
			children = (
				03084B7C1410325D0018592F /* QuartzCore.framework */,
				1DF5F4DF0D08C38300B7A737 /* UIKit.framework */,
				1D30AB110D05D00D00671497 /* Foundation.framework */,
				288765A40DF7441C002DB57D /* CoreGraphics.framework */,
				B48DED5111DADF7C003D7213 /* MobileCoreServices.framework */,
				B48DED5D11DAE023003D7213 /* CFNetwork.framework */,
				B48DED6111DAE03E003D7213 /* MessageUI.framework */,
				B48DEE7311DAE423003D7213 /* SystemConfiguration.framework */,
			);
			name = Frameworks;
			sourceTree = "<group>";
		};
		B4398A2911D90AFA0091240C /* img */ = {
			isa = PBXGroup;
			children = (
				B4E69A1D11EDD27600954D7C /* abute.png */,
				B4E69A6B11EDE22D00954D7C /* abut.png */,
				B4E699D311EDC14700954D7C /* maher.png */,
				B47D409F11FE790500E4AF7D /* Untitd-2.png */,
				B431425511E5FD3600297CEA /* BG.png */,
				B48DF49511E144AA003D7213 /* floour5.png */,
				B48DF48F11E14422003D7213 /* floour4.png */,
				B48DF48111E140D2003D7213 /* floour1.png */,
				B4D8829711EE15C90055EACF /* home.png */,
				B48DF47511E13D0E003D7213 /* floour3.png */,
				B48DF47111E13AF5003D7213 /* floour2.png */,
				B48DF46D11E13965003D7213 /* floour.png */,
				B43143E811E638FE00297CEA /* t.png */,
				B48DF40A11E12D8B003D7213 /* b3.png */,
				B48DED0E11DAD8BF003D7213 /* BtnToUpluod.png */,
				B4D8829B11EE16980055EACF /* HomeEN.png */,
				B48DED0F11DAD8BF003D7213 /* BtnUpAdd.png */,
				B48DED1011DAD8BF003D7213 /* BtnUPluodNaw.png */,
				B48DECDA11DABFAF003D7213 /* ImagePlascsForUp.png */,
				B48DECBA11DA8CED003D7213 /* forUpChos.png */,
				B48DEB6A11D9F20E003D7213 /* OptionEN.png */,
				B4398C3C11D97B000091240C /* optonAR.png */,
				B4398A7911D930350091240C /* cup.png */,
				B4398A7511D930220091240C /* MinuAR.png */,
				B4398A7611D930220091240C /* MinuEN.png */,
				B4398A5C11D90E9D0091240C /* AE.png */,
				B4398A5211D90D880091240C /* minu.png */,
				B4398A5311D90D880091240C /* Shadooo.png */,
				B4398A5411D90D890091240C /* test.png */,
				B4398A4D11D90D6C0091240C /* b1.png */,
				B4398A4B11D90D5D0091240C /* b2.png */,
			);
			name = img;
			sourceTree = "<group>";
		};
		B4398A2A11D90B050091240C /* XIB */ = {
			isa = PBXGroup;
			children = (
				28AD733E0D9D9553002E5188 /* MainWindow.xib */,
			);
			name = XIB;
			sourceTree = "<group>";
		};
		B4398A2B11D90B0C0091240C /* plist */ = {
			isa = PBXGroup;
			children = (
				B43C039211F239EA003E82A6 /* Entitlements.plist */,
				8D1107310486CEB800E47090 /* maher-Info.plist */,
				B4DB2BE811EBBCFD000839D0 /* InfoPlist.strings */,
			);
			name = plist;
			sourceTree = "<group>";
		};
/* End PBXGroup section */

/* Begin PBXNativeTarget section */
		1D6058900D05DD3D006BFB54 /* maher */ = {
			isa = PBXNativeTarget;
			buildConfigurationList = 1D6058960D05DD3E006BFB54 /* Build configuration list for PBXNativeTarget "maher" */;
			buildPhases = (
				1D60588D0D05DD3D006BFB54 /* Resources */,
				1D60588E0D05DD3D006BFB54 /* Sources */,
				1D60588F0D05DD3D006BFB54 /* Frameworks */,
			);
			buildRules = (
			);
			dependencies = (
			);
			name = maher;
			productName = maher;
			productReference = 1D6058910D05DD3D006BFB54 /* maher.app */;
			productType = "com.apple.product-type.application";
		};
/* End PBXNativeTarget section */

/* Begin PBXProject section */
		29B97313FDCFA39411CA2CEA /* Project object */ = {
			isa = PBXProject;
			attributes = {
				BuildIndependentTargetsInParallel = YES;
				LastUpgradeCheck = 0430;
				ORGANIZATIONNAME = "DEV-WD.COM";
			};
			buildConfigurationList = C01FCF4E08A954540054247B /* Build configuration list for PBXProject "maher" */;
			compatibilityVersion = "Xcode 3.2";
			developmentRegion = English;
			hasScannedForEncodings = 1;
			knownRegions = (
				English,
				Japanese,
				French,
				German,
				Arabic,
				ar,
			);
			mainGroup = 29B97314FDCFA39411CA2CEA /* CustomTemplate */;
			projectDirPath = "";
			projectRoot = "";
			targets = (
				1D6058900D05DD3D006BFB54 /* maher */,
			);
		};
/* End PBXProject section */

/* Begin PBXResourcesBuildPhase section */
		1D60588D0D05DD3D006BFB54 /* Resources */ = {
			isa = PBXResourcesBuildPhase;
			buildActionMask = 2147483647;
			files = (
				B4DB2CB011ED0055000839D0 /* MainWindow.xib in Resources */,
				B4398A4C11D90D5D0091240C /* b2.png in Resources */,
				B4398A4E11D90D6C0091240C /* b1.png in Resources */,
				B4398A5811D90D890091240C /* minu.png in Resources */,
				B4398A5911D90D890091240C /* Shadooo.png in Resources */,
				B4398A5A11D90D890091240C /* test.png in Resources */,
				B4398A5D11D90E9D0091240C /* AE.png in Resources */,
				B4398A7711D930220091240C /* MinuAR.png in Resources */,
				B4398A7811D930220091240C /* MinuEN.png in Resources */,
				B4398A7A11D930350091240C /* cup.png in Resources */,
				B4398C3D11D97B000091240C /* optonAR.png in Resources */,
				B48DEB6B11D9F20E003D7213 /* OptionEN.png in Resources */,
				B48DECBB11DA8CED003D7213 /* forUpChos.png in Resources */,
				B48DECDB11DABFAF003D7213 /* ImagePlascsForUp.png in Resources */,
				B48DED1111DAD8BF003D7213 /* BtnToUpluod.png in Resources */,
				B48DED1211DAD8BF003D7213 /* BtnUpAdd.png in Resources */,
				B48DED1311DAD8BF003D7213 /* BtnUPluodNaw.png in Resources */,
				B48DF40B11E12D8B003D7213 /* b3.png in Resources */,
				B48DF46E11E13965003D7213 /* floour.png in Resources */,
				B48DF47211E13AF5003D7213 /* floour2.png in Resources */,
				B48DF47611E13D0E003D7213 /* floour3.png in Resources */,
				B48DF48211E140D2003D7213 /* floour1.png in Resources */,
				B48DF49011E14422003D7213 /* floour4.png in Resources */,
				B48DF49611E144AA003D7213 /* floour5.png in Resources */,
				B431425611E5FD3600297CEA /* BG.png in Resources */,
				B43143E911E638FE00297CEA /* t.png in Resources */,
				B4DB2BEA11EBBCFD000839D0 /* InfoPlist.strings in Resources */,
				B4E699D411EDC14700954D7C /* maher.png in Resources */,
				B4E69A1E11EDD27600954D7C /* abute.png in Resources */,
				B4E69A6C11EDE22D00954D7C /* abut.png in Resources */,
				B4D8829811EE15C90055EACF /* home.png in Resources */,
				B4D8829C11EE16980055EACF /* HomeEN.png in Resources */,
				B43C039311F239EA003E82A6 /* Entitlements.plist in Resources */,
				B47D40A011FE790500E4AF7D /* Untitd-2.png in Resources */,
			);
			runOnlyForDeploymentPostprocessing = 0;
		};
/* End PBXResourcesBuildPhase section */

/* Begin PBXSourcesBuildPhase section */
		1D60588E0D05DD3D006BFB54 /* Sources */ = {
			isa = PBXSourcesBuildPhase;
			buildActionMask = 2147483647;
			files = (
				1D60589B0D05DD56006BFB54 /* main.m in Sources */,
				1D3623260D0F684500981E51 /* maherAppDelegate.m in Sources */,
				B4DB2BF611EC4B76000839D0 /* maherViewController.m in Sources */,
				B4398A2311D909840091240C /* VC.m in Sources */,
				B48DED7911DAE140003D7213 /* Connection.m in Sources */,
			);
			runOnlyForDeploymentPostprocessing = 0;
		};
/* End PBXSourcesBuildPhase section */

/* Begin PBXVariantGroup section */
		B4DB2BE811EBBCFD000839D0 /* InfoPlist.strings */ = {
			isa = PBXVariantGroup;
			children = (
				B4DB2BE911EBBCFD000839D0 /* ar */,
			);
			name = InfoPlist.strings;
			sourceTree = "<group>";
		};
/* End PBXVariantGroup section */

/* Begin XCBuildConfiguration section */
		1D6058940D05DD3E006BFB54 /* Debug */ = {
			isa = XCBuildConfiguration;
			buildSettings = {
				ALWAYS_SEARCH_USER_PATHS = NO;
				CODE_SIGN_ENTITLEMENTS = "~/Desktop/maher/Entitlements.plist";
				COPY_PHASE_STRIP = NO;
				GCC_DYNAMIC_NO_PIC = NO;
				GCC_OPTIMIZATION_LEVEL = 0;
				GCC_PRECOMPILE_PREFIX_HEADER = YES;
				GCC_PREFIX_HEADER = maher_Prefix.pch;
				GCC_THUMB_SUPPORT = NO;
				GCC_VERSION = com.apple.compilers.llvm.clang.1_0;
				INFOPLIST_FILE = "maher-Info.plist";
				PRODUCT_NAME = maher;
				SDKROOT = iphoneos;
			};
			name = Debug;
		};
		1D6058950D05DD3E006BFB54 /* Release */ = {
			isa = XCBuildConfiguration;
			buildSettings = {
				ALWAYS_SEARCH_USER_PATHS = NO;
				CODE_SIGN_ENTITLEMENTS = "~/Desktop/maher/Entitlements.plist";
				COPY_PHASE_STRIP = YES;
				GCC_PRECOMPILE_PREFIX_HEADER = YES;
				GCC_PREFIX_HEADER = maher_Prefix.pch;
				GCC_THUMB_SUPPORT = NO;
				GCC_VERSION = com.apple.compilers.llvm.clang.1_0;
				INFOPLIST_FILE = "maher-Info.plist";
				PRODUCT_NAME = maher;
				SDKROOT = iphoneos;
				VALIDATE_PRODUCT = YES;
			};
			name = Release;
		};
		B43C036611F225F2003E82A6 /* Distribution */ = {
			isa = XCBuildConfiguration;
			buildSettings = {
				ARCHS = "$(ARCHS_STANDARD_32_BIT)";
				CODE_SIGN_ENTITLEMENTS = "";
				"CODE_SIGN_IDENTITY[sdk=iphoneos*]" = "iPhone Distribution: saleh ali";
				GCC_C_LANGUAGE_STANDARD = c99;
				GCC_THUMB_SUPPORT = NO;
				GCC_WARN_ABOUT_RETURN_TYPE = YES;
				GCC_WARN_UNUSED_VARIABLE = YES;
				IPHONEOS_DEPLOYMENT_TARGET = 4.0;
				OTHER_CFLAGS = "-DNS_BLOCK_ASSERTIONS=1";
				"PROVISIONING_PROFILE[sdk=iphoneos*]" = "839AF8BD-9126-4D10-8498-17652AA4DCB5";
				SDKROOT = iphoneos;
			};
			name = Distribution;
		};
		B43C036711F225F2003E82A6 /* Distribution */ = {
			isa = XCBuildConfiguration;
			buildSettings = {
				ALWAYS_SEARCH_USER_PATHS = NO;
				CODE_SIGN_ENTITLEMENTS = "~/Desktop/maher/Entitlements.plist";
				COPY_PHASE_STRIP = YES;
				GCC_PRECOMPILE_PREFIX_HEADER = YES;
				GCC_PREFIX_HEADER = maher_Prefix.pch;
				GCC_THUMB_SUPPORT = NO;
				GCC_VERSION = com.apple.compilers.llvm.clang.1_0;
				INFOPLIST_FILE = "maher-Info.plist";
				PRODUCT_NAME = maher;
				SDKROOT = iphoneos;
				VALIDATE_PRODUCT = YES;
			};
			name = Distribution;
		};
		B4DB2CC911ED0A50000839D0 /* Release copy */ = {
			isa = XCBuildConfiguration;
			buildSettings = {
				ARCHS = "$(ARCHS_STANDARD_32_BIT)";
				CODE_SIGN_ENTITLEMENTS = "";
				CODE_SIGN_IDENTITY = "";
				"CODE_SIGN_IDENTITY[sdk=iphoneos4.0]" = "iPhone Distribution: saleh ali";
				GCC_C_LANGUAGE_STANDARD = c99;
				GCC_THUMB_SUPPORT = NO;
				GCC_WARN_ABOUT_RETURN_TYPE = YES;
				GCC_WARN_UNUSED_VARIABLE = YES;
				OTHER_CFLAGS = "-DNS_BLOCK_ASSERTIONS=1";
				"PROVISIONING_PROFILE[sdk=iphoneos4.0]" = "839AF8BD-9126-4D10-8498-17652AA4DCB5";
				SDKROOT = iphoneos;
			};
			name = "Release copy";
		};
		B4DB2CCA11ED0A50000839D0 /* Release copy */ = {
			isa = XCBuildConfiguration;
			buildSettings = {
				ALWAYS_SEARCH_USER_PATHS = NO;
				CODE_SIGN_ENTITLEMENTS = "~/Desktop/maher/Entitlements.plist";
				"CODE_SIGN_IDENTITY[sdk=iphoneos4.0]" = "iPhone Distribution";
				COPY_PHASE_STRIP = YES;
				GCC_PRECOMPILE_PREFIX_HEADER = YES;
				GCC_PREFIX_HEADER = maher_Prefix.pch;
				GCC_THUMB_SUPPORT = NO;
				GCC_VERSION = com.apple.compilers.llvm.clang.1_0;
				INFOPLIST_FILE = "maher-Info.plist";
				PRODUCT_NAME = maher;
				"PROVISIONING_PROFILE[sdk=iphoneos4.0]" = "";
				SDKROOT = iphoneos;
				VALIDATE_PRODUCT = YES;
			};
			name = "Release copy";
		};
		C01FCF4F08A954540054247B /* Debug */ = {
			isa = XCBuildConfiguration;
			buildSettings = {
				ARCHS = "$(ARCHS_STANDARD_32_BIT)";
				"CODE_SIGN_IDENTITY[sdk=iphoneos*]" = "iPhone Distribution: saleh ali";
				GCC_C_LANGUAGE_STANDARD = c99;
				GCC_THUMB_SUPPORT = NO;
				GCC_WARN_ABOUT_RETURN_TYPE = YES;
				GCC_WARN_UNUSED_VARIABLE = YES;
				"PROVISIONING_PROFILE[sdk=iphoneos*]" = "839AF8BD-9126-4D10-8498-17652AA4DCB5";
				SDKROOT = iphoneos;
			};
			name = Debug;
		};
		C01FCF5008A954540054247B /* Release */ = {
			isa = XCBuildConfiguration;
			buildSettings = {
				ARCHS = "$(ARCHS_STANDARD_32_BIT)";
				"CODE_SIGN_IDENTITY[sdk=iphoneos*]" = "iPhone Developer";
				GCC_C_LANGUAGE_STANDARD = c99;
				GCC_THUMB_SUPPORT = NO;
				GCC_WARN_ABOUT_RETURN_TYPE = YES;
				GCC_WARN_UNUSED_VARIABLE = YES;
				OTHER_CFLAGS = "-DNS_BLOCK_ASSERTIONS=1";
				SDKROOT = iphoneos;
			};
			name = Release;
		};
/* End XCBuildConfiguration section */

/* Begin XCConfigurationList section */
		1D6058960D05DD3E006BFB54 /* Build configuration list for PBXNativeTarget "maher" */ = {
			isa = XCConfigurationList;
			buildConfigurations = (
				1D6058940D05DD3E006BFB54 /* Debug */,
				1D6058950D05DD3E006BFB54 /* Release */,
				B43C036711F225F2003E82A6 /* Distribution */,
				B4DB2CCA11ED0A50000839D0 /* Release copy */,
			);
			defaultConfigurationIsVisible = 0;
			defaultConfigurationName = Release;
		};
		C01FCF4E08A954540054247B /* Build configuration list for PBXProject "maher" */ = {
			isa = XCConfigurationList;
			buildConfigurations = (
				C01FCF4F08A954540054247B /* Debug */,
				C01FCF5008A954540054247B /* Release */,
				B43C036611F225F2003E82A6 /* Distribution */,
				B4DB2CC911ED0A50000839D0 /* Release copy */,
			);
			defaultConfigurationIsVisible = 0;
			defaultConfigurationName = Release;
		};
/* End XCConfigurationList section */
	};
	rootObject = 29B97313FDCFA39411CA2CEA /* Project object */;
}
